{
  "name": "TEAM_002",
  "lockfileVersion": 2,
  "requires": true,
  "packages": {
    "": {
      "dependencies": {
        "winwheeljs": "^2.7.0"
      }
    },
    "node_modules/winwheeljs": {
      "version": "2.7.0",
      "resolved": "https://registry.npmjs.org/winwheeljs/-/winwheeljs-2.7.0.tgz",
      "integrity": "sha512-COUFeWY4uR4xQXkqWc1XcsiUAyPJg+Z4TC/7QVGEGFqKCd+TJIK8f4gMOxYEOVoQGnaGHUKu1NQmUlEyvzrPqA=="
    }
  },
  "dependencies": {
    "winwheeljs": {
      "version": "2.7.0",
      "resolved": "https://registry.npmjs.org/winwheeljs/-/winwheeljs-2.7.0.tgz",
      "integrity": "sha512-COUFeWY4uR4xQXkqWc1XcsiUAyPJg+Z4TC/7QVGEGFqKCd+TJIK8f4gMOxYEOVoQGnaGHUKu1NQmUlEyvzrPqA=="
    }
  }
}
